// !$*UTF8*$!
{
	archiveVersion = 1;
	classes = {
	};
	objectVersion = 46;
	objects = {

/* Begin PBXBuildFile section */
		CB929BA71B57DDF900962DEA /* AppDelegate.swift in Sources */ = {isa = PBXBuildFile; fileRef = CB929BA61B57DDF900962DEA /* AppDelegate.swift */; };
		CB929BAE1B57DDF900962DEA /* Images.xcassets in Resources */ = {isa = PBXBuildFile; fileRef = CB929BAD1B57DDF900962DEA /* Images.xcassets */; };
		CB929BBD1B57DDF900962DEA /* ROGenericTableViewControllerTests.swift in Sources */ = {isa = PBXBuildFile; fileRef = CB929BBC1B57DDF900962DEA /* ROGenericTableViewControllerTests.swift */; };
		CB929BC81B57DE8500962DEA /* ROGenericTableViewController.swift in Sources */ = {isa = PBXBuildFile; fileRef = CB929BC71B57DE8500962DEA /* ROGenericTableViewController.swift */; };
		CB929BCC1B57DE8F00962DEA /* LICENSE in Resources */ = {isa = PBXBuildFile; fileRef = CB929BC91B57DE8F00962DEA /* LICENSE */; };
		CB929BCE1B57DE8F00962DEA /* ROGenericTableViewController.podspec in Resources */ = {isa = PBXBuildFile; fileRef = CB929BCB1B57DE8F00962DEA /* ROGenericTableViewController.podspec */; };
		CB929BD51B57E07A00962DEA /* CustomTableViewCell.swift in Sources */ = {isa = PBXBuildFile; fileRef = CB929BCF1B57E07A00962DEA /* CustomTableViewCell.swift */; };
		CB929BD61B57E07A00962DEA /* DetailViewController.swift in Sources */ = {isa = PBXBuildFile; fileRef = CB929BD01B57E07A00962DEA /* DetailViewController.swift */; };
		CB929BD71B57E07A00962DEA /* NavigationViewController.swift in Sources */ = {isa = PBXBuildFile; fileRef = CB929BD11B57E07A00962DEA /* NavigationViewController.swift */; };
		CB929BD81B57E07A00962DEA /* NavigationViewControllerSimple.swift in Sources */ = {isa = PBXBuildFile; fileRef = CB929BD21B57E07A00962DEA /* NavigationViewControllerSimple.swift */; };
		CB929BDA1B57E07A00962DEA /* ViewController.swift in Sources */ = {isa = PBXBuildFile; fileRef = CB929BD41B57E07A00962DEA /* ViewController.swift */; };
		CB929BDF1B57E08500962DEA /* LaunchScreen.xib in Resources */ = {isa = PBXBuildFile; fileRef = CB929BDB1B57E08500962DEA /* LaunchScreen.xib */; };
		CB929BE01B57E08500962DEA /* Main.storyboard in Resources */ = {isa = PBXBuildFile; fileRef = CB929BDD1B57E08500962DEA /* Main.storyboard */; };
/* End PBXBuildFile section */

/* Begin PBXContainerItemProxy section */
		CB929BB71B57DDF900962DEA /* PBXContainerItemProxy */ = {
			isa = PBXContainerItemProxy;
			containerPortal = CB929B991B57DDF900962DEA /* Project object */;
			proxyType = 1;
			remoteGlobalIDString = CB929BA01B57DDF900962DEA;
			remoteInfo = ROGenericTableViewController;
		};
/* End PBXContainerItemProxy section */

/* Begin PBXFileReference section */
		CB929BA11B57DDF900962DEA /* ROGenericTableViewController.app */ = {isa = PBXFileReference; explicitFileType = wrapper.application; includeInIndex = 0; path = ROGenericTableViewController.app; sourceTree = BUILT_PRODUCTS_DIR; };
		CB929BA51B57DDF900962DEA /* Info.plist */ = {isa = PBXFileReference; lastKnownFileType = text.plist.xml; path = Info.plist; sourceTree = "<group>"; };
		CB929BA61B57DDF900962DEA /* AppDelegate.swift */ = {isa = PBXFileReference; lastKnownFileType = sourcecode.swift; path = AppDelegate.swift; sourceTree = "<group>"; };
		CB929BAD1B57DDF900962DEA /* Images.xcassets */ = {isa = PBXFileReference; lastKnownFileType = folder.assetcatalog; path = Images.xcassets; sourceTree = "<group>"; };
		CB929BB61B57DDF900962DEA /* ROGenericTableViewControllerTests.xctest */ = {isa = PBXFileReference; explicitFileType = wrapper.cfbundle; includeInIndex = 0; path = ROGenericTableViewControllerTests.xctest; sourceTree = BUILT_PRODUCTS_DIR; };
		CB929BBB1B57DDF900962DEA /* Info.plist */ = {isa = PBXFileReference; lastKnownFileType = text.plist.xml; path = Info.plist; sourceTree = "<group>"; };
		CB929BBC1B57DDF900962DEA /* ROGenericTableViewControllerTests.swift */ = {isa = PBXFileReference; lastKnownFileType = sourcecode.swift; path = ROGenericTableViewControllerTests.swift; sourceTree = "<group>"; };
		CB929BC71B57DE8500962DEA /* ROGenericTableViewController.swift */ = {isa = PBXFileReference; fileEncoding = 4; lastKnownFileType = sourcecode.swift; name = ROGenericTableViewController.swift; path = Source/ROGenericTableViewController.swift; sourceTree = SOURCE_ROOT; };
		CB929BC91B57DE8F00962DEA /* LICENSE */ = {isa = PBXFileReference; fileEncoding = 4; lastKnownFileType = text; path = LICENSE; sourceTree = "<group>"; };
		CB929BCA1B57DE8F00962DEA /* README.md */ = {isa = PBXFileReference; fileEncoding = 4; lastKnownFileType = net.daringfireball.markdown; path = README.md; sourceTree = "<group>"; };
		CB929BCB1B57DE8F00962DEA /* ROGenericTableViewController.podspec */ = {isa = PBXFileReference; fileEncoding = 4; lastKnownFileType = text; path = ROGenericTableViewController.podspec; sourceTree = "<group>"; };
		CB929BCF1B57E07A00962DEA /* CustomTableViewCell.swift */ = {isa = PBXFileReference; fileEncoding = 4; lastKnownFileType = sourcecode.swift; path = CustomTableViewCell.swift; sourceTree = "<group>"; };
		CB929BD01B57E07A00962DEA /* DetailViewController.swift */ = {isa = PBXFileReference; fileEncoding = 4; lastKnownFileType = sourcecode.swift; path = DetailViewController.swift; sourceTree = "<group>"; };
		CB929BD11B57E07A00962DEA /* NavigationViewController.swift */ = {isa = PBXFileReference; fileEncoding = 4; lastKnownFileType = sourcecode.swift; path = NavigationViewController.swift; sourceTree = "<group>"; };
		CB929BD21B57E07A00962DEA /* NavigationViewControllerSimple.swift */ = {isa = PBXFileReference; fileEncoding = 4; lastKnownFileType = sourcecode.swift; path = NavigationViewControllerSimple.swift; sourceTree = "<group>"; };
		CB929BD41B57E07A00962DEA /* ViewController.swift */ = {isa = PBXFileReference; fileEncoding = 4; lastKnownFileType = sourcecode.swift; path = ViewController.swift; sourceTree = "<group>"; };
		CB929BDC1B57E08500962DEA /* Base */ = {isa = PBXFileReference; lastKnownFileType = file.xib; name = Base; path = Base.lproj/LaunchScreen.xib; sourceTree = "<group>"; };
		CB929BDE1B57E08500962DEA /* Base */ = {isa = PBXFileReference; lastKnownFileType = file.storyboard; name = Base; path = Base.lproj/Main.storyboard; sourceTree = "<group>"; };
/* End PBXFileReference section */

/* Begin PBXFrameworksBuildPhase section */
		CB929B9E1B57DDF900962DEA /* Frameworks */ = {
			isa = PBXFrameworksBuildPhase;
			buildActionMask = 2147483647;
			files = (
			);
			runOnlyForDeploymentPostprocessing = 0;
		};
		CB929BB31B57DDF900962DEA /* Frameworks */ = {
			isa = PBXFrameworksBuildPhase;
			buildActionMask = 2147483647;
			files = (
			);
			runOnlyForDeploymentPostprocessing = 0;
		};
/* End PBXFrameworksBuildPhase section */

/* Begin PBXGroup section */
		CB929B981B57DDF900962DEA = {
			isa = PBXGroup;
			children = (
				CB929BC91B57DE8F00962DEA /* LICENSE */,
				CB929BCA1B57DE8F00962DEA /* README.md */,
				CB929BCB1B57DE8F00962DEA /* ROGenericTableViewController.podspec */,
				CB929BA31B57DDF900962DEA /* ROGenericTableViewController */,
				CB929BB91B57DDF900962DEA /* ROGenericTableViewControllerTests */,
				CB929BA21B57DDF900962DEA /* Products */,
			);
			sourceTree = "<group>";
		};
		CB929BA21B57DDF900962DEA /* Products */ = {
			isa = PBXGroup;
			children = (
				CB929BA11B57DDF900962DEA /* ROGenericTableViewController.app */,
				CB929BB61B57DDF900962DEA /* ROGenericTableViewControllerTests.xctest */,
			);
			name = Products;
			sourceTree = "<group>";
		};
		CB929BA31B57DDF900962DEA /* ROGenericTableViewController */ = {
			isa = PBXGroup;
			children = (
				CB929BA61B57DDF900962DEA /* AppDelegate.swift */,
				CB929BAD1B57DDF900962DEA /* Images.xcassets */,
				CB929BCF1B57E07A00962DEA /* CustomTableViewCell.swift */,
				CB929BD01B57E07A00962DEA /* DetailViewController.swift */,
				CB929BD11B57E07A00962DEA /* NavigationViewController.swift */,
				CB929BD21B57E07A00962DEA /* NavigationViewControllerSimple.swift */,
				CB929BD41B57E07A00962DEA /* ViewController.swift */,
				CB929BDB1B57E08500962DEA /* LaunchScreen.xib */,
				CB929BDD1B57E08500962DEA /* Main.storyboard */,
				CB929BC61B57DE7900962DEA /* Source */,
				CB929BA41B57DDF900962DEA /* Supporting Files */,
			);
			path = ROGenericTableViewController;
			sourceTree = "<group>";
		};
		CB929BA41B57DDF900962DEA /* Supporting Files */ = {
			isa = PBXGroup;
			children = (
				CB929BA51B57DDF900962DEA /* Info.plist */,
			);
			name = "Supporting Files";
			sourceTree = "<group>";
		};
		CB929BB91B57DDF900962DEA /* ROGenericTableViewControllerTests */ = {
			isa = PBXGroup;
			children = (
				CB929BBC1B57DDF900962DEA /* ROGenericTableViewControllerTests.swift */,
				CB929BBA1B57DDF900962DEA /* Supporting Files */,
			);
			path = ROGenericTableViewControllerTests;
			sourceTree = "<group>";
		};
		CB929BBA1B57DDF900962DEA /* Supporting Files */ = {
			isa = PBXGroup;
			children = (
				CB929BBB1B57DDF900962DEA /* Info.plist */,
			);
			name = "Supporting Files";
			sourceTree = "<group>";
		};
		CB929BC61B57DE7900962DEA /* Source */ = {
			isa = PBXGroup;
			children = (
				CB929BC71B57DE8500962DEA /* ROGenericTableViewController.swift */,
			);
			name = Source;
			sourceTree = "<group>";
		};
/* End PBXGroup section */

/* Begin PBXNativeTarget section */
		CB929BA01B57DDF900962DEA /* ROGenericTableViewController */ = {
			isa = PBXNativeTarget;
			buildConfigurationList = CB929BC01B57DDF900962DEA /* Build configuration list for PBXNativeTarget "ROGenericTableViewController" */;
			buildPhases = (
				CB929B9D1B57DDF900962DEA /* Sources */,
				CB929B9E1B57DDF900962DEA /* Frameworks */,
				CB929B9F1B57DDF900962DEA /* Resources */,
			);
			buildRules = (
			);
			dependencies = (
			);
			name = ROGenericTableViewController;
			productName = ROGenericTableViewController;
			productReference = CB929BA11B57DDF900962DEA /* ROGenericTableViewController.app */;
			productType = "com.apple.product-type.application";
		};
		CB929BB51B57DDF900962DEA /* ROGenericTableViewControllerTests */ = {
			isa = PBXNativeTarget;
			buildConfigurationList = CB929BC31B57DDF900962DEA /* Build configuration list for PBXNativeTarget "ROGenericTableViewControllerTests" */;
			buildPhases = (
				CB929BB21B57DDF900962DEA /* Sources */,
				CB929BB31B57DDF900962DEA /* Frameworks */,
				CB929BB41B57DDF900962DEA /* Resources */,
			);
			buildRules = (
			);
			dependencies = (
				CB929BB81B57DDF900962DEA /* PBXTargetDependency */,
			);
			name = ROGenericTableViewControllerTests;
			productName = ROGenericTableViewControllerTests;
			productReference = CB929BB61B57DDF900962DEA /* ROGenericTableViewControllerTests.xctest */;
			productType = "com.apple.product-type.bundle.unit-test";
		};
/* End PBXNativeTarget section */

/* Begin PBXProject section */
		CB929B991B57DDF900962DEA /* Project object */ = {
			isa = PBXProject;
			attributes = {
				LastSwiftMigration = 0700;
				LastSwiftUpdateCheck = 0700;
				LastUpgradeCheck = 0800;
				ORGANIZATIONNAME = "Rascor International AG";
				TargetAttributes = {
					CB929BA01B57DDF900962DEA = {
						CreatedOnToolsVersion = 6.4;
						DevelopmentTeam = 39J9X3JBYC;
						LastSwiftMigration = 0800;
					};
					CB929BB51B57DDF900962DEA = {
						CreatedOnToolsVersion = 6.4;
						LastSwiftMigration = 0800;
						TestTargetID = CB929BA01B57DDF900962DEA;
					};
				};
			};
			buildConfigurationList = CB929B9C1B57DDF900962DEA /* Build configuration list for PBXProject "ROGenericTableViewController" */;
			compatibilityVersion = "Xcode 3.2";
			developmentRegion = English;
			hasScannedForEncodings = 0;
			knownRegions = (
				en,
				Base,
			);
			mainGroup = CB929B981B57DDF900962DEA;
			productRefGroup = CB929BA21B57DDF900962DEA /* Products */;
			projectDirPath = "";
			projectRoot = "";
			targets = (
				CB929BA01B57DDF900962DEA /* ROGenericTableViewController */,
				CB929BB51B57DDF900962DEA /* ROGenericTableViewControllerTests */,
			);
		};
/* End PBXProject section */

/* Begin PBXResourcesBuildPhase section */
		CB929B9F1B57DDF900962DEA /* Resources */ = {
			isa = PBXResourcesBuildPhase;
			buildActionMask = 2147483647;
			files = (
				CB929BDF1B57E08500962DEA /* LaunchScreen.xib in Resources */,
				CB929BE01B57E08500962DEA /* Main.storyboard in Resources */,
				CB929BCE1B57DE8F00962DEA /* ROGenericTableViewController.podspec in Resources */,
				CB929BCC1B57DE8F00962DEA /* LICENSE in Resources */,
				CB929BAE1B57DDF900962DEA /* Images.xcassets in Resources */,
			);
			runOnlyForDeploymentPostprocessing = 0;
		};
		CB929BB41B57DDF900962DEA /* Resources */ = {
			isa = PBXResourcesBuildPhase;
			buildActionMask = 2147483647;
			files = (
			);
			runOnlyForDeploymentPostprocessing = 0;
		};
/* End PBXResourcesBuildPhase section */

/* Begin PBXSourcesBuildPhase section */
		CB929B9D1B57DDF900962DEA /* Sources */ = {
			isa = PBXSourcesBuildPhase;
			buildActionMask = 2147483647;
			files = (
				CB929BD81B57E07A00962DEA /* NavigationViewControllerSimple.swift in Sources */,
				CB929BD71B57E07A00962DEA /* NavigationViewController.swift in Sources */,
				CB929BDA1B57E07A00962DEA /* ViewController.swift in Sources */,
				CB929BA71B57DDF900962DEA /* AppDelegate.swift in Sources */,
				CB929BD61B57E07A00962DEA /* DetailViewController.swift in Sources */,
				CB929BD51B57E07A00962DEA /* CustomTableViewCell.swift in Sources */,
				CB929BC81B57DE8500962DEA /* ROGenericTableViewController.swift in Sources */,
			);
			runOnlyForDeploymentPostprocessing = 0;
		};
		CB929BB21B57DDF900962DEA /* Sources */ = {
			isa = PBXSourcesBuildPhase;
			buildActionMask = 2147483647;
			files = (
				CB929BBD1B57DDF900962DEA /* ROGenericTableViewControllerTests.swift in Sources */,
			);
			runOnlyForDeploymentPostprocessing = 0;
		};
/* End PBXSourcesBuildPhase section */

/* Begin PBXTargetDependency section */
		CB929BB81B57DDF900962DEA /* PBXTargetDependency */ = {
			isa = PBXTargetDependency;
			target = CB929BA01B57DDF900962DEA /* ROGenericTableViewController */;
			targetProxy = CB929BB71B57DDF900962DEA /* PBXContainerItemProxy */;
		};
/* End PBXTargetDependency section */

/* Begin PBXVariantGroup section */
		CB929BDB1B57E08500962DEA /* LaunchScreen.xib */ = {
			isa = PBXVariantGroup;
			children = (
				CB929BDC1B57E08500962DEA /* Base */,
			);
			name = LaunchScreen.xib;
			sourceTree = "<group>";
		};
		CB929BDD1B57E08500962DEA /* Main.storyboard */ = {
			isa = PBXVariantGroup;
			children = (
				CB929BDE1B57E08500962DEA /* Base */,
			);
			name = Main.storyboard;
			sourceTree = "<group>";
		};
/* End PBXVariantGroup section */

/* Begin XCBuildConfiguration section */
		CB929BBE1B57DDF900962DEA /* Debug */ = {
			isa = XCBuildConfiguration;
			buildSettings = {
				ALWAYS_SEARCH_USER_PATHS = NO;
				CLANG_CXX_LANGUAGE_STANDARD = "gnu++0x";
				CLANG_CXX_LIBRARY = "libc++";
				CLANG_ENABLE_MODULES = YES;
				CLANG_ENABLE_OBJC_ARC = YES;
				CLANG_WARN_BOOL_CONVERSION = YES;
				CLANG_WARN_CONSTANT_CONVERSION = YES;
				CLANG_WARN_DIRECT_OBJC_ISA_USAGE = YES_ERROR;
				CLANG_WARN_EMPTY_BODY = YES;
				CLANG_WARN_ENUM_CONVERSION = YES;
				CLANG_WARN_INFINITE_RECURSION = YES;
				CLANG_WARN_INT_CONVERSION = YES;
				CLANG_WARN_OBJC_ROOT_CLASS = YES_ERROR;
				CLANG_WARN_SUSPICIOUS_MOVE = YES;
				CLANG_WARN_UNREACHABLE_CODE = YES;
				CLANG_WARN__DUPLICATE_METHOD_MATCH = YES;
				"CODE_SIGN_IDENTITY[sdk=iphoneos*]" = "iPhone Developer";
				COPY_PHASE_STRIP = NO;
				DEBUG_INFORMATION_FORMAT = "dwarf-with-dsym";
				ENABLE_STRICT_OBJC_MSGSEND = YES;
				ENABLE_TESTABILITY = YES;
				GCC_C_LANGUAGE_STANDARD = gnu99;
				GCC_DYNAMIC_NO_PIC = NO;
				GCC_NO_COMMON_BLOCKS = YES;
				GCC_OPTIMIZATION_LEVEL = 0;
				GCC_PREPROCESSOR_DEFINITIONS = (
					"DEBUG=1",
					"$(inherited)",
				);
				GCC_SYMBOLS_PRIVATE_EXTERN = NO;
				GCC_WARN_64_TO_32_BIT_CONVERSION = YES;
				GCC_WARN_ABOUT_RETURN_TYPE = YES_ERROR;
				GCC_WARN_UNDECLARED_SELECTOR = YES;
				GCC_WARN_UNINITIALIZED_AUTOS = YES_AGGRESSIVE;
				GCC_WARN_UNUSED_FUNCTION = YES;
				GCC_WARN_UNUSED_VARIABLE = YES;
				IPHONEOS_DEPLOYMENT_TARGET = 9.0;
				MTL_ENABLE_DEBUG_INFO = YES;
				ONLY_ACTIVE_ARCH = YES;
				SDKROOT = iphoneos;
				SWIFT_OPTIMIZATION_LEVEL = "-Onone";
				TARGETED_DEVICE_FAMILY = "1,2";
			};
			name = Debug;
		};
		CB929BBF1B57DDF900962DEA /* Release */ = {
			isa = XCBuildConfiguration;
			buildSettings = {
				ALWAYS_SEARCH_USER_PATHS = NO;
				CLANG_CXX_LANGUAGE_STANDARD = "gnu++0x";
				CLANG_CXX_LIBRARY = "libc++";
				CLANG_ENABLE_MODULES = YES;
				CLANG_ENABLE_OBJC_ARC = YES;
				CLANG_WARN_BOOL_CONVERSION = YES;
				CLANG_WARN_CONSTANT_CONVERSION = YES;
				CLANG_WARN_DIRECT_OBJC_ISA_USAGE = YES_ERROR;
				CLANG_WARN_EMPTY_BODY = YES;
				CLANG_WARN_ENUM_CONVERSION = YES;
				CLANG_WARN_INFINITE_RECURSION = YES;
				CLANG_WARN_INT_CONVERSION = YES;
				CLANG_WARN_OBJC_ROOT_CLASS = YES_ERROR;
				CLANG_WARN_SUSPICIOUS_MOVE = YES;
				CLANG_WARN_UNREACHABLE_CODE = YES;
				CLANG_WARN__DUPLICATE_METHOD_MATCH = YES;
				"CODE_SIGN_IDENTITY[sdk=iphoneos*]" = "iPhone Developer";
				COPY_PHASE_STRIP = NO;
				DEBUG_INFORMATION_FORMAT = "dwarf-with-dsym";
				ENABLE_NS_ASSERTIONS = NO;
				ENABLE_STRICT_OBJC_MSGSEND = YES;
				GCC_C_LANGUAGE_STANDARD = gnu99;
				GCC_NO_COMMON_BLOCKS = YES;
				GCC_WARN_64_TO_32_BIT_CONVERSION = YES;
				GCC_WARN_ABOUT_RETURN_TYPE = YES_ERROR;
				GCC_WARN_UNDECLARED_SELECTOR = YES;
				GCC_WARN_UNINITIALIZED_AUTOS = YES_AGGRESSIVE;
				GCC_WARN_UNUSED_FUNCTION = YES;
				GCC_WARN_UNUSED_VARIABLE = YES;
				IPHONEOS_DEPLOYMENT_TARGET = 9.0;
				MTL_ENABLE_DEBUG_INFO = NO;
				SDKROOT = iphoneos;
				SWIFT_OPTIMIZATION_LEVEL = "-Owholemodule";
				TARGETED_DEVICE_FAMILY = "1,2";
				VALIDATE_PRODUCT = YES;
			};
			name = Release;
		};
		CB929BC11B57DDF900962DEA /* Debug */ = {
			isa = XCBuildConfiguration;
			buildSettings = {
				ASSETCATALOG_COMPILER_APPICON_NAME = AppIcon;
				DEVELOPMENT_TEAM = 39J9X3JBYC;
				INFOPLIST_FILE = ROGenericTableViewController/Info.plist;
				IPHONEOS_DEPLOYMENT_TARGET = 9.3;
				LD_RUNPATH_SEARCH_PATHS = "$(inherited) @executable_path/Frameworks";
				PRODUCT_BUNDLE_IDENTIFIER = "com.rascor.$(PRODUCT_NAME:rfc1034identifier)";
				PRODUCT_NAME = "$(TARGET_NAME)";
				SWIFT_VERSION = 3.0;
			};
			name = Debug;
		};
		CB929BC21B57DDF900962DEA /* Release */ = {
			isa = XCBuildConfiguration;
			buildSettings = {
				ASSETCATALOG_COMPILER_APPICON_NAME = AppIcon;
				DEVELOPMENT_TEAM = 39J9X3JBYC;
				INFOPLIST_FILE = ROGenericTableViewController/Info.plist;
				IPHONEOS_DEPLOYMENT_TARGET = 9.3;
				LD_RUNPATH_SEARCH_PATHS = "$(inherited) @executable_path/Frameworks";
				PRODUCT_BUNDLE_IDENTIFIER = "com.rascor.$(PRODUCT_NAME:rfc1034identifier)";
				PRODUCT_NAME = "$(TARGET_NAME)";
				SWIFT_VERSION = 3.0;
			};
			name = Release;
		};
		CB929BC41B57DDF900962DEA /* Debug */ = {
			isa = XCBuildConfiguration;
			buildSettings = {
				BUNDLE_LOADER = "$(TEST_HOST)";
				FRAMEWORK_SEARCH_PATHS = "$(inherited)";
				GCC_PREPROCESSOR_DEFINITIONS = (
					"DEBUG=1",
					"$(inherited)",
				);
				INFOPLIST_FILE = ROGenericTableViewControllerTests/Info.plist;
				LD_RUNPATH_SEARCH_PATHS = "$(inherited) @executable_path/Frameworks @loader_path/Frameworks";
				PRODUCT_BUNDLE_IDENTIFIER = "com.rascor.$(PRODUCT_NAME:rfc1034identifier)";
				PRODUCT_NAME = "$(TARGET_NAME)";
				SWIFT_VERSION = 3.0;
				TEST_HOST = "$(BUILT_PRODUCTS_DIR)/ROGenericTableViewController.app/ROGenericTableViewController";
			};
			name = Debug;
		};
		CB929BC51B57DDF900962DEA /* Release */ = {
			isa = XCBuildConfiguration;
			buildSettings = {
				BUNDLE_LOADER = "$(TEST_HOST)";
				FRAMEWORK_SEARCH_PATHS = "$(inherited)";
				INFOPLIST_FILE = ROGenericTableViewControllerTests/Info.plist;
				LD_RUNPATH_SEARCH_PATHS = "$(inherited) @executable_path/Frameworks @loader_path/Frameworks";
				PRODUCT_BUNDLE_IDENTIFIER = "com.rascor.$(PRODUCT_NAME:rfc1034identifier)";
				PRODUCT_NAME = "$(TARGET_NAME)";
				SWIFT_VERSION = 3.0;
				TEST_HOST = "$(BUILT_PRODUCTS_DIR)/ROGenericTableViewController.app/ROGenericTableViewController";
			};
			name = Release;
		};
/* End XCBuildConfiguration section */

/* Begin XCConfigurationList section */
		CB929B9C1B57DDF900962DEA /* Build configuration list for PBXProject "ROGenericTableViewController" */ = {
			isa = XCConfigurationList;
			buildConfigurations = (
				CB929BBE1B57DDF900962DEA /* Debug */,
				CB929BBF1B57DDF900962DEA /* Release */,
			);
			defaultConfigurationIsVisible = 0;
			defaultConfigurationName = Release;
		};
		CB929BC01B57DDF900962DEA /* Build configuration list for PBXNativeTarget "ROGenericTableViewController" */ = {
			isa = XCConfigurationList;
			buildConfigurations = (
				CB929BC11B57DDF900962DEA /* Debug */,
				CB929BC21B57DDF900962DEA /* Release */,
			);
			defaultConfigurationIsVisible = 0;
			defaultConfigurationName = Release;
		};
		CB929BC31B57DDF900962DEA /* Build configuration list for PBXNativeTarget "ROGenericTableViewControllerTests" */ = {
			isa = XCConfigurationList;
			buildConfigurations = (
				CB929BC41B57DDF900962DEA /* Debug */,
				CB929BC51B57DDF900962DEA /* Release */,
			);
			defaultConfigurationIsVisible = 0;
			defaultConfigurationName = Release;
		};
/* End XCConfigurationList section */
	};
	rootObject = CB929B991B57DDF900962DEA /* Project object */;
}
